
Microsoft Visual Studio Solution File, Format Version 12.00
# Visual Studio Version 17
VisualStudioVersion = 17.3.32922.545
MinimumVisualStudioVersion = 10.0.40219.1
Project("{FAE04EC0-301F-11D3-BF4B-00C04F79EFBC}") = "DotNet6WebApp", "DotNet6WebApp.csproj", "{6C373AEE-818A-45D9-BD26-AC96D0CABA52}"
EndProject
Global
	GlobalSection(SolutionConfigurationPlatforms) = preSolution
		Debug|Any CPU = Debug|Any CPU
		Release|Any CPU = Release|Any CPU
	EndGlobalSection
	GlobalSection(ProjectConfigurationPlatforms) = postSolution
		{6C373AEE-818A-45D9-BD26-AC96D0CABA52}.Debug|Any CPU.ActiveCfg = Debug|Any CPU
		{6C373AEE-818A-45D9-BD26-AC96D0CABA52}.Debug|Any CPU.Build.0 = Debug|Any CPU
		{6C373AEE-818A-45D9-BD26-AC96D0CABA52}.Release|Any CPU.ActiveCfg = Release|Any CPU
		{6C373AEE-818A-45D9-BD26-AC96D0CABA52}.Release|Any CPU.Build.0 = Release|Any CPU
	EndGlobalSection
	GlobalSection(SolutionProperties) = preSolution
		HideSolutionNode = FALSE
	EndGlobalSection
	GlobalSection(ExtensibilityGlobals) = postSolution
		SolutionGuid = {41616301-FF40-4BAE-BE4A-839B5C72388B}
	EndGlobalSection
EndGlobal
